
Microsoft Visual Studio Solution File, Format Version 12.00
# Visual Studio Version 17
VisualStudioVersion = 17.5.33516.290
MinimumVisualStudioVersion = 10.0.40219.1
Project("{FAE04EC0-301F-11D3-BF4B-00C04F79EFBC}") = "PokeApiDayOne", "PokeApiDayOne\PokeApiDayOne.csproj", "{48D06605-8B95-48FA-A24F-EA215F4577C7}"
EndProject
Global
	GlobalSection(SolutionConfigurationPlatforms) = preSolution
		Debug|Any CPU = Debug|Any CPU
		Release|Any CPU = Release|Any CPU
	EndGlobalSection
	GlobalSection(ProjectConfigurationPlatforms) = postSolution
		{48D06605-8B95-48FA-A24F-EA215F4577C7}.Debug|Any CPU.ActiveCfg = Debug|Any CPU
		{48D06605-8B95-48FA-A24F-EA215F4577C7}.Debug|Any CPU.Build.0 = Debug|Any CPU
		{48D06605-8B95-48FA-A24F-EA215F4577C7}.Release|Any CPU.ActiveCfg = Release|Any CPU
		{48D06605-8B95-48FA-A24F-EA215F4577C7}.Release|Any CPU.Build.0 = Release|Any CPU
	EndGlobalSection
	GlobalSection(SolutionProperties) = preSolution
		HideSolutionNode = FALSE
	EndGlobalSection
	GlobalSection(ExtensibilityGlobals) = postSolution
		SolutionGuid = {924FE80F-38C7-412B-9138-BCADBE2A29FB}
	EndGlobalSection
EndGlobal
